[[package]]
name = "certifi"
version = "2024.7.4"
description = "Python package for providing Mozilla's CA Bundle."
category = "main"
optional = false
python-versions = ">=3.6"

[[package]]
name = "charset-normalizer"
version = "3.3.2"
description = "The Real First Universal Charset Detector. Open, modern and actively maintained alternative to Chardet."
category = "main"
optional = false
python-versions = ">=3.7.0"

[[package]]
name = "greenlet"
version = "3.0.3"
description = "Lightweight in-process concurrent programming"
category = "main"
optional = false
python-versions = ">=3.7"

[package.extras]
docs = ["sphinx", "furo"]
test = ["objgraph", "psutil"]

[[package]]
name = "html2text"
version = "2024.2.26"
description = "Turn HTML into equivalent Markdown-structured text."
category = "main"
optional = false
python-versions = ">=3.8"

[[package]]
name = "idna"
version = "3.7"
description = "Internationalized Domain Names in Applications (IDNA)"
category = "main"
optional = false
python-versions = ">=3.5"

[[package]]
name = "jinja2"
version = "3.1.4"
description = "A very fast and expressive template engine."
category = "main"
optional = false
python-versions = ">=3.7"

[package.dependencies]
MarkupSafe = ">=2.0"

[package.extras]
i18n = ["Babel (>=2.7)"]

[[package]]
name = "lxml"
version = "5.2.2"
description = "Powerful and Pythonic XML processing library combining libxml2/libxslt with the ElementTree API."
category = "main"
optional = false
python-versions = ">=3.6"

[package.extras]
cssselect = ["cssselect (>=0.7)"]
html5 = ["html5lib"]
html-clean = ["lxml-html-clean"]
htmlsoup = ["beautifulsoup4"]
source = ["Cython (>=3.0.10)"]

[[package]]
name = "markupsafe"
version = "2.1.5"
description = "Safely add untrusted strings to HTML/XML markup."
category = "main"
optional = false
python-versions = ">=3.7"

[[package]]
name = "pillow"
version = "10.4.0"
description = "Python Imaging Library (Fork)"
category = "main"
optional = false
python-versions = ">=3.8"

[package.extras]
docs = ["furo", "olefile", "sphinx (>=7.3)", "sphinx-copybutton", "sphinx-inline-tabs", "sphinxext-opengraph"]
fpx = ["olefile"]
mic = ["olefile"]
tests = ["check-manifest", "coverage", "defusedxml", "markdown2", "olefile", "packaging", "pyroma", "pytest", "pytest-cov", "pytest-timeout"]
typing = ["typing-extensions"]
xmp = ["defusedxml"]

[[package]]
name = "playwright"
version = "1.45.1"
description = "A high-level API to automate web browsers"
category = "main"
optional = false
python-versions = ">=3.8"

[package.dependencies]
greenlet = "3.0.3"
pyee = "11.1.0"

[[package]]
name = "pycurl"
version = "7.45.3"
description = "PycURL -- A Python Interface To The cURL library"
category = "main"
optional = false
python-versions = ">=3.5"

[[package]]
name = "pyee"
version = "11.1.0"
description = "A rough port of Node.js's EventEmitter to Python with a few tricks of its own"
category = "main"
optional = false
python-versions = ">=3.8"

[package.dependencies]
typing-extensions = "*"

[package.extras]
dev = ["build", "flake8", "flake8-black", "pytest", "black", "isort", "jupyter-console", "mkdocs", "mkdocs-include-markdown-plugin", "mkdocstrings", "sphinx", "toml", "tox", "trio", "twine", "twisted", "validate-pyproject", "trio", "trio-typing", "pytest-asyncio", "pytest-trio"]

[[package]]
name = "pyproj"
version = "3.6.1"
description = "Python interface to PROJ (cartographic projections and coordinate transformations library)"
category = "main"
optional = false
python-versions = ">=3.9"

[package.dependencies]
certifi = "*"

[[package]]
name = "requests"
version = "2.32.3"
description = "Python HTTP for Humans."
category = "main"
optional = false
python-versions = ">=3.8"

[package.dependencies]
certifi = ">=2017.4.17"
charset-normalizer = ">=2,<4"
idna = ">=2.5,<4"
urllib3 = ">=1.21.1,<3"

[package.extras]
socks = ["PySocks (>=1.5.6,!=1.5.7)"]
use-chardet-on-py3 = ["chardet (>=3.0.2,<6)"]

[[package]]
name = "ruff"
version = "0.5.5"
description = "An extremely fast Python linter and code formatter, written in Rust."
category = "dev"
optional = false
python-versions = ">=3.7"

[[package]]
name = "typing-extensions"
version = "4.12.2"
description = "Backported and Experimental Type Hints for Python 3.8+"
category = "main"
optional = false
python-versions = ">=3.8"

[[package]]
name = "urllib3"
version = "2.2.2"
description = "HTTP library with thread-safe connection pooling, file post, and more."
category = "main"
optional = false
python-versions = ">=3.8"

[package.extras]
brotli = ["brotli (>=1.0.9)", "brotlicffi (>=0.8.0)"]
h2 = ["h2 (>=4,<5)"]
socks = ["pysocks (>=1.5.6,!=1.5.7,<2.0)"]
zstd = ["zstandard (>=0.18.0)"]

[[package]]
name = "wikipedia-api"
version = "0.6.0"
description = "Python Wrapper for Wikipedia"
category = "main"
optional = false
python-versions = "*"

[package.dependencies]
requests = "*"

[[package]]
name = "wptools"
version = "0.4.17"
description = "Wikipedia tools (for Humans)"
category = "main"
optional = false
python-versions = "*"

[package.dependencies]
certifi = "*"
html2text = "*"
lxml = "*"
pycurl = "*"

[metadata]
lock-version = "1.1"
python-versions = "^3.10"
content-hash = "c41bd27db23e20a2eb1c9be5d5c4f517b6236c221c20321700394073e248282c"

[metadata.files]
certifi = []
charset-normalizer = []
greenlet = []
html2text = []
idna = []
jinja2 = []
lxml = []
markupsafe = []
pillow = []
playwright = []
pycurl = []
pyee = []
pyproj = []
requests = []
ruff = []
typing-extensions = []
urllib3 = []
wikipedia-api = []
wptools = []
